// !$*UTF8*$!
{
	archiveVersion = 1;
	classes = {
	};
	objectVersion = 77;
	objects = {

/* Begin PBXBuildFile section */
		C339C8632DFB801400FFF617 /* KCSwiftUIForWatch Watch App.app in Embed Watch Content */ = {isa = PBXBuildFile; fileRef = C339C8562DFB801200FFF617 /* KCSwiftUIForWatch Watch App.app */; settings = {ATTRIBUTES = (RemoveHeadersOnCopy, ); }; };
/* End PBXBuildFile section */

/* Begin PBXContainerItemProxy section */
		C339C8612DFB801400FFF617 /* PBXContainerItemProxy */ = {
			isa = PBXContainerItemProxy;
			containerPortal = C37089C82DF7B989007D9EB0 /* Project object */;
			proxyType = 1;
			remoteGlobalIDString = C339C8552DFB801200FFF617;
			remoteInfo = "KCSwiftUIForWatch Watch App";
		};
		C3708B0D2DF8D5BC007D9EB0 /* PBXContainerItemProxy */ = {
			isa = PBXContainerItemProxy;
			containerPortal = C37089C82DF7B989007D9EB0 /* Project object */;
			proxyType = 1;
			remoteGlobalIDString = C37089CF2DF7B989007D9EB0;
			remoteInfo = KCSwiftUI;
		};
/* End PBXContainerItemProxy section */

/* Begin PBXCopyFilesBuildPhase section */
		C339C8672DFB801400FFF617 /* Embed Watch Content */ = {
			isa = PBXCopyFilesBuildPhase;
			buildActionMask = 2147483647;
			dstPath = "$(CONTENTS_FOLDER_PATH)/Watch";
			dstSubfolderSpec = 16;
			files = (
				C339C8632DFB801400FFF617 /* KCSwiftUIForWatch Watch App.app in Embed Watch Content */,
			);
			name = "Embed Watch Content";
			runOnlyForDeploymentPostprocessing = 0;
		};
/* End PBXCopyFilesBuildPhase section */

/* Begin PBXFileReference section */
		C339C8562DFB801200FFF617 /* KCSwiftUIForWatch Watch App.app */ = {isa = PBXFileReference; explicitFileType = wrapper.application; includeInIndex = 0; path = "KCSwiftUIForWatch Watch App.app"; sourceTree = BUILT_PRODUCTS_DIR; };
		C37089D02DF7B989007D9EB0 /* KCSwiftUI.app */ = {isa = PBXFileReference; explicitFileType = wrapper.application; includeInIndex = 0; path = KCSwiftUI.app; sourceTree = BUILT_PRODUCTS_DIR; };
		C3708B092DF8D5BB007D9EB0 /* KCSwiftUITests.xctest */ = {isa = PBXFileReference; explicitFileType = wrapper.cfbundle; includeInIndex = 0; path = KCSwiftUITests.xctest; sourceTree = BUILT_PRODUCTS_DIR; };
/* End PBXFileReference section */

/* Begin PBXFileSystemSynchronizedBuildFileExceptionSet section */
		C339C88A2DFB823100FFF617 /* Exceptions for "KCSwiftUI" folder in "KCSwiftUIForWatch Watch App" target */ = {
			isa = PBXFileSystemSynchronizedBuildFileExceptionSet;
			membershipExceptions = (
				Domain/Models/KCCharacter.swift,
				Domain/Models/KCSerie.swift,
				Domain/UseCases/GetCharactersUseCase.swift,
				Domain/UseCases/GetSeriesUseCase.swift,
				Infraestructure/Loggin/LoginExtended.swift,
				Infraestructure/Networking/APIError.swift,
				Infraestructure/Networking/APISession.swift,
				Infraestructure/Networking/HTTPMethod.swift,
				Infraestructure/Networking/Models/CharacterDTO.swift,
				Infraestructure/Networking/Models/MarvelModels.swift,
				Infraestructure/Networking/Models/SerieDTO.swift,
				Infraestructure/Networking/Requests/GetCharactersURLRequest.swift,
				Infraestructure/Networking/Requests/GetSeriesURLRequest.swift,
				Infraestructure/Networking/URLRequestBuilder.swift,
				Infraestructure/Networking/URLRequestComponents.swift,
				Presentation/Characters/ViewModel/CharactersViewModel.swift,
				Presentation/Characters/Views/CharactersView.swift,
				Presentation/Characters/Views/CharacterView.swift,
				Presentation/CustomViews/EmptyView.swift,
				Presentation/CustomViews/LoadingView.swift,
				Presentation/PresentationError.swift,
				Presentation/Series/ViewModel/SeriesViewModel.swift,
				Presentation/Series/Views/SeriesView.swift,
				Presentation/Series/Views/SerieView.swift,
				Project/Assets.xcassets,
				Repository/CharactersRepository.swift,
				Repository/Mappers/CharacterDTOtoDomainMapper.swift,
				Repository/Mappers/SerieDTOToDomainMapper.swift,
			);
			target = C339C8552DFB801200FFF617 /* KCSwiftUIForWatch Watch App */;
		};
		C339C8A72DFB834E00FFF617 /* Exceptions for "KCSwiftUIForWatch Watch App" folder in "KCSwiftUIForWatch Watch App" target */ = {
			isa = PBXFileSystemSynchronizedBuildFileExceptionSet;
			membershipExceptions = (
				"KCSwiftUIForWatch-Watch-App-Info.plist",
			);
			target = C339C8552DFB801200FFF617 /* KCSwiftUIForWatch Watch App */;
		};
		C3708D8E2DFA2EE5007D9EB0 /* Exceptions for "KCSwiftUI" folder in "KCSwiftUI" target */ = {
			isa = PBXFileSystemSynchronizedBuildFileExceptionSet;
			membershipExceptions = (
				Project/Info.plist,
			);
			target = C37089CF2DF7B989007D9EB0 /* KCSwiftUI */;
		};
/* End PBXFileSystemSynchronizedBuildFileExceptionSet section */

/* Begin PBXFileSystemSynchronizedRootGroup section */
		C339C8572DFB801200FFF617 /* KCSwiftUIForWatch Watch App */ = {
			isa = PBXFileSystemSynchronizedRootGroup;
			exceptions = (
				C339C8A72DFB834E00FFF617 /* Exceptions for "KCSwiftUIForWatch Watch App" folder in "KCSwiftUIForWatch Watch App" target */,
			);
			path = "KCSwiftUIForWatch Watch App";
			sourceTree = "<group>";
		};
		C37089D22DF7B989007D9EB0 /* KCSwiftUI */ = {
			isa = PBXFileSystemSynchronizedRootGroup;
			exceptions = (
				C3708D8E2DFA2EE5007D9EB0 /* Exceptions for "KCSwiftUI" folder in "KCSwiftUI" target */,
				C339C88A2DFB823100FFF617 /* Exceptions for "KCSwiftUI" folder in "KCSwiftUIForWatch Watch App" target */,
			);
			path = KCSwiftUI;
			sourceTree = "<group>";
		};
		C3708B0A2DF8D5BB007D9EB0 /* KCSwiftUITests */ = {
			isa = PBXFileSystemSynchronizedRootGroup;
			path = KCSwiftUITests;
			sourceTree = "<group>";
		};
/* End PBXFileSystemSynchronizedRootGroup section */

/* Begin PBXFrameworksBuildPhase section */
		C339C8532DFB801200FFF617 /* Frameworks */ = {
			isa = PBXFrameworksBuildPhase;
			buildActionMask = 2147483647;
			files = (
			);
			runOnlyForDeploymentPostprocessing = 0;
		};
		C37089CD2DF7B989007D9EB0 /* Frameworks */ = {
			isa = PBXFrameworksBuildPhase;
			buildActionMask = 2147483647;
			files = (
			);
			runOnlyForDeploymentPostprocessing = 0;
		};
		C3708B062DF8D5BB007D9EB0 /* Frameworks */ = {
			isa = PBXFrameworksBuildPhase;
			buildActionMask = 2147483647;
			files = (
			);
			runOnlyForDeploymentPostprocessing = 0;
		};
/* End PBXFrameworksBuildPhase section */

/* Begin PBXGroup section */
		C37089C72DF7B989007D9EB0 = {
			isa = PBXGroup;
			children = (
				C37089D22DF7B989007D9EB0 /* KCSwiftUI */,
				C3708B0A2DF8D5BB007D9EB0 /* KCSwiftUITests */,
				C339C8572DFB801200FFF617 /* KCSwiftUIForWatch Watch App */,
				C37089D12DF7B989007D9EB0 /* Products */,
			);
			sourceTree = "<group>";
		};
		C37089D12DF7B989007D9EB0 /* Products */ = {
			isa = PBXGroup;
			children = (
				C37089D02DF7B989007D9EB0 /* KCSwiftUI.app */,
				C3708B092DF8D5BB007D9EB0 /* KCSwiftUITests.xctest */,
				C339C8562DFB801200FFF617 /* KCSwiftUIForWatch Watch App.app */,
			);
			name = Products;
			sourceTree = "<group>";
		};
/* End PBXGroup section */

/* Begin PBXNativeTarget section */
		C339C8552DFB801200FFF617 /* KCSwiftUIForWatch Watch App */ = {
			isa = PBXNativeTarget;
			buildConfigurationList = C339C8642DFB801400FFF617 /* Build configuration list for PBXNativeTarget "KCSwiftUIForWatch Watch App" */;
			buildPhases = (
				C339C8522DFB801200FFF617 /* Sources */,
				C339C8532DFB801200FFF617 /* Frameworks */,
				C339C8542DFB801200FFF617 /* Resources */,
			);
			buildRules = (
			);
			dependencies = (
			);
			fileSystemSynchronizedGroups = (
				C339C8572DFB801200FFF617 /* KCSwiftUIForWatch Watch App */,
			);
			name = "KCSwiftUIForWatch Watch App";
			packageProductDependencies = (
			);
			productName = "KCSwiftUIForWatch Watch App";
			productReference = C339C8562DFB801200FFF617 /* KCSwiftUIForWatch Watch App.app */;
			productType = "com.apple.product-type.application";
		};
		C37089CF2DF7B989007D9EB0 /* KCSwiftUI */ = {
			isa = PBXNativeTarget;
			buildConfigurationList = C37089DF2DF7B98A007D9EB0 /* Build configuration list for PBXNativeTarget "KCSwiftUI" */;
			buildPhases = (
				C37089CC2DF7B989007D9EB0 /* Sources */,
				C37089CD2DF7B989007D9EB0 /* Frameworks */,
				C37089CE2DF7B989007D9EB0 /* Resources */,
				C339C8672DFB801400FFF617 /* Embed Watch Content */,
			);
			buildRules = (
			);
			dependencies = (
				C339C8622DFB801400FFF617 /* PBXTargetDependency */,
			);
			fileSystemSynchronizedGroups = (
				C37089D22DF7B989007D9EB0 /* KCSwiftUI */,
			);
			name = KCSwiftUI;
			packageProductDependencies = (
			);
			productName = KCSwiftUI;
			productReference = C37089D02DF7B989007D9EB0 /* KCSwiftUI.app */;
			productType = "com.apple.product-type.application";
		};
		C3708B082DF8D5BB007D9EB0 /* KCSwiftUITests */ = {
			isa = PBXNativeTarget;
			buildConfigurationList = C3708B0F2DF8D5BC007D9EB0 /* Build configuration list for PBXNativeTarget "KCSwiftUITests" */;
			buildPhases = (
				C3708B052DF8D5BB007D9EB0 /* Sources */,
				C3708B062DF8D5BB007D9EB0 /* Frameworks */,
				C3708B072DF8D5BB007D9EB0 /* Resources */,
			);
			buildRules = (
			);
			dependencies = (
				C3708B0E2DF8D5BC007D9EB0 /* PBXTargetDependency */,
			);
			fileSystemSynchronizedGroups = (
				C3708B0A2DF8D5BB007D9EB0 /* KCSwiftUITests */,
			);
			name = KCSwiftUITests;
			packageProductDependencies = (
			);
			productName = KCSwiftUITests;
			productReference = C3708B092DF8D5BB007D9EB0 /* KCSwiftUITests.xctest */;
			productType = "com.apple.product-type.bundle.unit-test";
		};
/* End PBXNativeTarget section */

/* Begin PBXProject section */
		C37089C82DF7B989007D9EB0 /* Project object */ = {
			isa = PBXProject;
			attributes = {
				BuildIndependentTargetsInParallel = 1;
				LastSwiftUpdateCheck = 1620;
				LastUpgradeCheck = 1620;
				TargetAttributes = {
					C339C8552DFB801200FFF617 = {
						CreatedOnToolsVersion = 16.2;
					};
					C37089CF2DF7B989007D9EB0 = {
						CreatedOnToolsVersion = 16.2;
					};
					C3708B082DF8D5BB007D9EB0 = {
						CreatedOnToolsVersion = 16.2;
						TestTargetID = C37089CF2DF7B989007D9EB0;
					};
				};
			};
			buildConfigurationList = C37089CB2DF7B989007D9EB0 /* Build configuration list for PBXProject "KCSwiftUI" */;
			developmentRegion = en;
			hasScannedForEncodings = 0;
			knownRegions = (
				en,
				Base,
			);
			mainGroup = C37089C72DF7B989007D9EB0;
			minimizedProjectReferenceProxies = 1;
			preferredProjectObjectVersion = 77;
			productRefGroup = C37089D12DF7B989007D9EB0 /* Products */;
			projectDirPath = "";
			projectRoot = "";
			targets = (
				C37089CF2DF7B989007D9EB0 /* KCSwiftUI */,
				C3708B082DF8D5BB007D9EB0 /* KCSwiftUITests */,
				C339C8552DFB801200FFF617 /* KCSwiftUIForWatch Watch App */,
			);
		};
/* End PBXProject section */

/* Begin PBXResourcesBuildPhase section */
		C339C8542DFB801200FFF617 /* Resources */ = {
			isa = PBXResourcesBuildPhase;
			buildActionMask = 2147483647;
			files = (
			);
			runOnlyForDeploymentPostprocessing = 0;
		};
		C37089CE2DF7B989007D9EB0 /* Resources */ = {
			isa = PBXResourcesBuildPhase;
			buildActionMask = 2147483647;
			files = (
			);
			runOnlyForDeploymentPostprocessing = 0;
		};
		C3708B072DF8D5BB007D9EB0 /* Resources */ = {
			isa = PBXResourcesBuildPhase;
			buildActionMask = 2147483647;
			files = (
			);
			runOnlyForDeploymentPostprocessing = 0;
		};
/* End PBXResourcesBuildPhase section */

/* Begin PBXSourcesBuildPhase section */
		C339C8522DFB801200FFF617 /* Sources */ = {
			isa = PBXSourcesBuildPhase;
			buildActionMask = 2147483647;
			files = (
			);
			runOnlyForDeploymentPostprocessing = 0;
		};
		C37089CC2DF7B989007D9EB0 /* Sources */ = {
			isa = PBXSourcesBuildPhase;
			buildActionMask = 2147483647;
			files = (
			);
			runOnlyForDeploymentPostprocessing = 0;
		};
		C3708B052DF8D5BB007D9EB0 /* Sources */ = {
			isa = PBXSourcesBuildPhase;
			buildActionMask = 2147483647;
			files = (
			);
			runOnlyForDeploymentPostprocessing = 0;
		};
/* End PBXSourcesBuildPhase section */

/* Begin PBXTargetDependency section */
		C339C8622DFB801400FFF617 /* PBXTargetDependency */ = {
			isa = PBXTargetDependency;
			target = C339C8552DFB801200FFF617 /* KCSwiftUIForWatch Watch App */;
			targetProxy = C339C8612DFB801400FFF617 /* PBXContainerItemProxy */;
		};
		C3708B0E2DF8D5BC007D9EB0 /* PBXTargetDependency */ = {
			isa = PBXTargetDependency;
			target = C37089CF2DF7B989007D9EB0 /* KCSwiftUI */;
			targetProxy = C3708B0D2DF8D5BC007D9EB0 /* PBXContainerItemProxy */;
		};
/* End PBXTargetDependency section */

/* Begin XCBuildConfiguration section */
		C339C8652DFB801400FFF617 /* Debug */ = {
			isa = XCBuildConfiguration;
			buildSettings = {
				ASSETCATALOG_COMPILER_APPICON_NAME = AppIcon;
				ASSETCATALOG_COMPILER_GLOBAL_ACCENT_COLOR_NAME = AccentColor;
				CODE_SIGN_IDENTITY = "Apple Development";
				CODE_SIGN_STYLE = Automatic;
				CURRENT_PROJECT_VERSION = 1;
				DEVELOPMENT_ASSET_PATHS = "\"KCSwiftUIForWatch Watch App/Preview Content\"";
				DEVELOPMENT_TEAM = WT5C6TTJP5;
				ENABLE_PREVIEWS = YES;
				GENERATE_INFOPLIST_FILE = YES;
				INFOPLIST_FILE = "KCSwiftUIForWatch-Watch-App-Info.plist";
				INFOPLIST_KEY_CFBundleDisplayName = KCSwiftUIForWatch;
				INFOPLIST_KEY_UISupportedInterfaceOrientations = "UIInterfaceOrientationPortrait UIInterfaceOrientationPortraitUpsideDown";
				INFOPLIST_KEY_WKCompanionAppBundleIdentifier = com.github.anagumo.KCSwiftUI;
				LD_RUNPATH_SEARCH_PATHS = (
					"$(inherited)",
					"@executable_path/Frameworks",
				);
				MARKETING_VERSION = 1.0;
				PRODUCT_BUNDLE_IDENTIFIER = com.github.anagumo.KCSwiftUI.watchkitapp;
				PRODUCT_NAME = "$(TARGET_NAME)";
				SDKROOT = watchos;
				SKIP_INSTALL = YES;
				SWIFT_EMIT_LOC_STRINGS = YES;
				SWIFT_VERSION = 5.0;
				TARGETED_DEVICE_FAMILY = 4;
				WATCHOS_DEPLOYMENT_TARGET = 11.2;
			};
			name = Debug;
		};
		C339C8662DFB801400FFF617 /* Release */ = {
			isa = XCBuildConfiguration;
			buildSettings = {
				ASSETCATALOG_COMPILER_APPICON_NAME = AppIcon;
				ASSETCATALOG_COMPILER_GLOBAL_ACCENT_COLOR_NAME = AccentColor;
				CODE_SIGN_IDENTITY = "Apple Development";
				CODE_SIGN_STYLE = Automatic;
				CURRENT_PROJECT_VERSION = 1;
				DEVELOPMENT_ASSET_PATHS = "\"KCSwiftUIForWatch Watch App/Preview Content\"";
				DEVELOPMENT_TEAM = WT5C6TTJP5;
				ENABLE_PREVIEWS = YES;
				GENERATE_INFOPLIST_FILE = YES;
				INFOPLIST_FILE = "KCSwiftUIForWatch-Watch-App-Info.plist";
				INFOPLIST_KEY_CFBundleDisplayName = KCSwiftUIForWatch;
				INFOPLIST_KEY_UISupportedInterfaceOrientations = "UIInterfaceOrientationPortrait UIInterfaceOrientationPortraitUpsideDown";
				INFOPLIST_KEY_WKCompanionAppBundleIdentifier = com.github.anagumo.KCSwiftUI;
				LD_RUNPATH_SEARCH_PATHS = (
					"$(inherited)",
					"@executable_path/Frameworks",
				);
				MARKETING_VERSION = 1.0;
				PRODUCT_BUNDLE_IDENTIFIER = com.github.anagumo.KCSwiftUI.watchkitapp;
				PRODUCT_NAME = "$(TARGET_NAME)";
				SDKROOT = watchos;
				SKIP_INSTALL = YES;
				SWIFT_EMIT_LOC_STRINGS = YES;
				SWIFT_VERSION = 5.0;
				TARGETED_DEVICE_FAMILY = 4;
				VALIDATE_PRODUCT = YES;
				WATCHOS_DEPLOYMENT_TARGET = 11.2;
			};
			name = Release;
		};
		C37089DD2DF7B98A007D9EB0 /* Debug */ = {
			isa = XCBuildConfiguration;
			buildSettings = {
				ALWAYS_SEARCH_USER_PATHS = NO;
				ASSETCATALOG_COMPILER_GENERATE_SWIFT_ASSET_SYMBOL_EXTENSIONS = YES;
				CLANG_ANALYZER_NONNULL = YES;
				CLANG_ANALYZER_NUMBER_OBJECT_CONVERSION = YES_AGGRESSIVE;
				CLANG_CXX_LANGUAGE_STANDARD = "gnu++20";
				CLANG_ENABLE_MODULES = YES;
				CLANG_ENABLE_OBJC_ARC = YES;
				CLANG_ENABLE_OBJC_WEAK = YES;
				CLANG_WARN_BLOCK_CAPTURE_AUTORELEASING = YES;
				CLANG_WARN_BOOL_CONVERSION = YES;
				CLANG_WARN_COMMA = YES;
				CLANG_WARN_CONSTANT_CONVERSION = YES;
				CLANG_WARN_DEPRECATED_OBJC_IMPLEMENTATIONS = YES;
				CLANG_WARN_DIRECT_OBJC_ISA_USAGE = YES_ERROR;
				CLANG_WARN_DOCUMENTATION_COMMENTS = YES;
				CLANG_WARN_EMPTY_BODY = YES;
				CLANG_WARN_ENUM_CONVERSION = YES;
				CLANG_WARN_INFINITE_RECURSION = YES;
				CLANG_WARN_INT_CONVERSION = YES;
				CLANG_WARN_NON_LITERAL_NULL_CONVERSION = YES;
				CLANG_WARN_OBJC_IMPLICIT_RETAIN_SELF = YES;
				CLANG_WARN_OBJC_LITERAL_CONVERSION = YES;
				CLANG_WARN_OBJC_ROOT_CLASS = YES_ERROR;
				CLANG_WARN_QUOTED_INCLUDE_IN_FRAMEWORK_HEADER = YES;
				CLANG_WARN_RANGE_LOOP_ANALYSIS = YES;
				CLANG_WARN_STRICT_PROTOTYPES = YES;
				CLANG_WARN_SUSPICIOUS_MOVE = YES;
				CLANG_WARN_UNGUARDED_AVAILABILITY = YES_AGGRESSIVE;
				CLANG_WARN_UNREACHABLE_CODE = YES;
				CLANG_WARN__DUPLICATE_METHOD_MATCH = YES;
				COPY_PHASE_STRIP = NO;
				DEBUG_INFORMATION_FORMAT = dwarf;
				ENABLE_STRICT_OBJC_MSGSEND = YES;
				ENABLE_TESTABILITY = YES;
				ENABLE_USER_SCRIPT_SANDBOXING = YES;
				GCC_C_LANGUAGE_STANDARD = gnu17;
				GCC_DYNAMIC_NO_PIC = NO;
				GCC_NO_COMMON_BLOCKS = YES;
				GCC_OPTIMIZATION_LEVEL = 0;
				GCC_PREPROCESSOR_DEFINITIONS = (
					"DEBUG=1",
					"$(inherited)",
				);
				GCC_WARN_64_TO_32_BIT_CONVERSION = YES;
				GCC_WARN_ABOUT_RETURN_TYPE = YES_ERROR;
				GCC_WARN_UNDECLARED_SELECTOR = YES;
				GCC_WARN_UNINITIALIZED_AUTOS = YES_AGGRESSIVE;
				GCC_WARN_UNUSED_FUNCTION = YES;
				GCC_WARN_UNUSED_VARIABLE = YES;
				LOCALIZATION_PREFERS_STRING_CATALOGS = YES;
				MTL_ENABLE_DEBUG_INFO = INCLUDE_SOURCE;
				MTL_FAST_MATH = YES;
				ONLY_ACTIVE_ARCH = YES;
				SWIFT_ACTIVE_COMPILATION_CONDITIONS = "DEBUG $(inherited)";
				SWIFT_OPTIMIZATION_LEVEL = "-Onone";
			};
			name = Debug;
		};
		C37089DE2DF7B98A007D9EB0 /* Release */ = {
			isa = XCBuildConfiguration;
			buildSettings = {
				ALWAYS_SEARCH_USER_PATHS = NO;
				ASSETCATALOG_COMPILER_GENERATE_SWIFT_ASSET_SYMBOL_EXTENSIONS = YES;
				CLANG_ANALYZER_NONNULL = YES;
				CLANG_ANALYZER_NUMBER_OBJECT_CONVERSION = YES_AGGRESSIVE;
				CLANG_CXX_LANGUAGE_STANDARD = "gnu++20";
				CLANG_ENABLE_MODULES = YES;
				CLANG_ENABLE_OBJC_ARC = YES;
				CLANG_ENABLE_OBJC_WEAK = YES;
				CLANG_WARN_BLOCK_CAPTURE_AUTORELEASING = YES;
				CLANG_WARN_BOOL_CONVERSION = YES;
				CLANG_WARN_COMMA = YES;
				CLANG_WARN_CONSTANT_CONVERSION = YES;
				CLANG_WARN_DEPRECATED_OBJC_IMPLEMENTATIONS = YES;
				CLANG_WARN_DIRECT_OBJC_ISA_USAGE = YES_ERROR;
				CLANG_WARN_DOCUMENTATION_COMMENTS = YES;
				CLANG_WARN_EMPTY_BODY = YES;
				CLANG_WARN_ENUM_CONVERSION = YES;
				CLANG_WARN_INFINITE_RECURSION = YES;
				CLANG_WARN_INT_CONVERSION = YES;
				CLANG_WARN_NON_LITERAL_NULL_CONVERSION = YES;
				CLANG_WARN_OBJC_IMPLICIT_RETAIN_SELF = YES;
				CLANG_WARN_OBJC_LITERAL_CONVERSION = YES;
				CLANG_WARN_OBJC_ROOT_CLASS = YES_ERROR;
				CLANG_WARN_QUOTED_INCLUDE_IN_FRAMEWORK_HEADER = YES;
				CLANG_WARN_RANGE_LOOP_ANALYSIS = YES;
				CLANG_WARN_STRICT_PROTOTYPES = YES;
				CLANG_WARN_SUSPICIOUS_MOVE = YES;
				CLANG_WARN_UNGUARDED_AVAILABILITY = YES_AGGRESSIVE;
				CLANG_WARN_UNREACHABLE_CODE = YES;
				CLANG_WARN__DUPLICATE_METHOD_MATCH = YES;
				COPY_PHASE_STRIP = NO;
				DEBUG_INFORMATION_FORMAT = "dwarf-with-dsym";
				ENABLE_NS_ASSERTIONS = NO;
				ENABLE_STRICT_OBJC_MSGSEND = YES;
				ENABLE_USER_SCRIPT_SANDBOXING = YES;
				GCC_C_LANGUAGE_STANDARD = gnu17;
				GCC_NO_COMMON_BLOCKS = YES;
				GCC_WARN_64_TO_32_BIT_CONVERSION = YES;
				GCC_WARN_ABOUT_RETURN_TYPE = YES_ERROR;
				GCC_WARN_UNDECLARED_SELECTOR = YES;
				GCC_WARN_UNINITIALIZED_AUTOS = YES_AGGRESSIVE;
				GCC_WARN_UNUSED_FUNCTION = YES;
				GCC_WARN_UNUSED_VARIABLE = YES;
				LOCALIZATION_PREFERS_STRING_CATALOGS = YES;
				MTL_ENABLE_DEBUG_INFO = NO;
				MTL_FAST_MATH = YES;
				SWIFT_COMPILATION_MODE = wholemodule;
			};
			name = Release;
		};
		C37089E02DF7B98A007D9EB0 /* Debug */ = {
			isa = XCBuildConfiguration;
			buildSettings = {
				ASSETCATALOG_COMPILER_APPICON_NAME = AppIcon;
				ASSETCATALOG_COMPILER_GLOBAL_ACCENT_COLOR_NAME = AccentColor;
				CODE_SIGN_ENTITLEMENTS = KCSwiftUI/Project/KCSwiftUI.entitlements;
				CODE_SIGN_IDENTITY = "Apple Development";
				CODE_SIGN_STYLE = Automatic;
				CURRENT_PROJECT_VERSION = 1;
				DEVELOPMENT_ASSET_PATHS = "\"KCSwiftUI/Project/Preview Content\"";
				DEVELOPMENT_TEAM = WT5C6TTJP5;
				ENABLE_HARDENED_RUNTIME = YES;
				ENABLE_PREVIEWS = YES;
				GENERATE_INFOPLIST_FILE = YES;
				INFOPLIST_FILE = KCSwiftUI/Project/Info.plist;
				"INFOPLIST_KEY_UIApplicationSceneManifest_Generation[sdk=iphoneos*]" = YES;
				"INFOPLIST_KEY_UIApplicationSceneManifest_Generation[sdk=iphonesimulator*]" = YES;
				"INFOPLIST_KEY_UIApplicationSupportsIndirectInputEvents[sdk=iphoneos*]" = YES;
				"INFOPLIST_KEY_UIApplicationSupportsIndirectInputEvents[sdk=iphonesimulator*]" = YES;
				"INFOPLIST_KEY_UILaunchScreen_Generation[sdk=iphoneos*]" = YES;
				"INFOPLIST_KEY_UILaunchScreen_Generation[sdk=iphonesimulator*]" = YES;
				"INFOPLIST_KEY_UIStatusBarStyle[sdk=iphoneos*]" = UIStatusBarStyleDefault;
				"INFOPLIST_KEY_UIStatusBarStyle[sdk=iphonesimulator*]" = UIStatusBarStyleDefault;
				INFOPLIST_KEY_UISupportedInterfaceOrientations_iPad = "UIInterfaceOrientationPortrait UIInterfaceOrientationPortraitUpsideDown UIInterfaceOrientationLandscapeLeft UIInterfaceOrientationLandscapeRight";
				INFOPLIST_KEY_UISupportedInterfaceOrientations_iPhone = "UIInterfaceOrientationPortrait UIInterfaceOrientationLandscapeLeft UIInterfaceOrientationLandscapeRight";
				IPHONEOS_DEPLOYMENT_TARGET = 18.2;
				LD_RUNPATH_SEARCH_PATHS = "@executable_path/Frameworks";
				"LD_RUNPATH_SEARCH_PATHS[sdk=macosx*]" = "@executable_path/../Frameworks";
				MACOSX_DEPLOYMENT_TARGET = 15.2;
				MARKETING_VERSION = 1.0;
				PRODUCT_BUNDLE_IDENTIFIER = com.github.anagumo.KCSwiftUI;
				PRODUCT_NAME = "$(TARGET_NAME)";
				PROVISIONING_PROFILE_SPECIFIER = "";
				SDKROOT = auto;
				SUPPORTED_PLATFORMS = "iphoneos iphonesimulator macosx";
				SUPPORTS_MACCATALYST = NO;
				SWIFT_EMIT_LOC_STRINGS = YES;
				SWIFT_VERSION = 5.0;
				TARGETED_DEVICE_FAMILY = "1,2";
				XROS_DEPLOYMENT_TARGET = 2.2;
			};
			name = Debug;
		};
		C37089E12DF7B98A007D9EB0 /* Release */ = {
			isa = XCBuildConfiguration;
			buildSettings = {
				ASSETCATALOG_COMPILER_APPICON_NAME = AppIcon;
				ASSETCATALOG_COMPILER_GLOBAL_ACCENT_COLOR_NAME = AccentColor;
				CODE_SIGN_ENTITLEMENTS = KCSwiftUI/Project/KCSwiftUI.entitlements;
				CODE_SIGN_IDENTITY = "Apple Development";
				CODE_SIGN_STYLE = Automatic;
				CURRENT_PROJECT_VERSION = 1;
				DEVELOPMENT_ASSET_PATHS = "\"KCSwiftUI/Project/Preview Content\"";
				DEVELOPMENT_TEAM = WT5C6TTJP5;
				ENABLE_HARDENED_RUNTIME = YES;
				ENABLE_PREVIEWS = YES;
				GENERATE_INFOPLIST_FILE = YES;
				INFOPLIST_FILE = KCSwiftUI/Project/Info.plist;
				"INFOPLIST_KEY_UIApplicationSceneManifest_Generation[sdk=iphoneos*]" = YES;
				"INFOPLIST_KEY_UIApplicationSceneManifest_Generation[sdk=iphonesimulator*]" = YES;
				"INFOPLIST_KEY_UIApplicationSupportsIndirectInputEvents[sdk=iphoneos*]" = YES;
				"INFOPLIST_KEY_UIApplicationSupportsIndirectInputEvents[sdk=iphonesimulator*]" = YES;
				"INFOPLIST_KEY_UILaunchScreen_Generation[sdk=iphoneos*]" = YES;
				"INFOPLIST_KEY_UILaunchScreen_Generation[sdk=iphonesimulator*]" = YES;
				"INFOPLIST_KEY_UIStatusBarStyle[sdk=iphoneos*]" = UIStatusBarStyleDefault;
				"INFOPLIST_KEY_UIStatusBarStyle[sdk=iphonesimulator*]" = UIStatusBarStyleDefault;
				INFOPLIST_KEY_UISupportedInterfaceOrientations_iPad = "UIInterfaceOrientationPortrait UIInterfaceOrientationPortraitUpsideDown UIInterfaceOrientationLandscapeLeft UIInterfaceOrientationLandscapeRight";
				INFOPLIST_KEY_UISupportedInterfaceOrientations_iPhone = "UIInterfaceOrientationPortrait UIInterfaceOrientationLandscapeLeft UIInterfaceOrientationLandscapeRight";
				IPHONEOS_DEPLOYMENT_TARGET = 18.2;
				LD_RUNPATH_SEARCH_PATHS = "@executable_path/Frameworks";
				"LD_RUNPATH_SEARCH_PATHS[sdk=macosx*]" = "@executable_path/../Frameworks";
				MACOSX_DEPLOYMENT_TARGET = 15.2;
				MARKETING_VERSION = 1.0;
				PRODUCT_BUNDLE_IDENTIFIER = com.github.anagumo.KCSwiftUI;
				PRODUCT_NAME = "$(TARGET_NAME)";
				PROVISIONING_PROFILE_SPECIFIER = "";
				SDKROOT = auto;
				SUPPORTED_PLATFORMS = "iphoneos iphonesimulator macosx";
				SUPPORTS_MACCATALYST = NO;
				SWIFT_EMIT_LOC_STRINGS = YES;
				SWIFT_VERSION = 5.0;
				TARGETED_DEVICE_FAMILY = "1,2";
				XROS_DEPLOYMENT_TARGET = 2.2;
			};
			name = Release;
		};
		C3708B102DF8D5BC007D9EB0 /* Debug */ = {
			isa = XCBuildConfiguration;
			buildSettings = {
				BUNDLE_LOADER = "$(TEST_HOST)";
				CODE_SIGN_STYLE = Automatic;
				CURRENT_PROJECT_VERSION = 1;
				DEVELOPMENT_TEAM = WT5C6TTJP5;
				GENERATE_INFOPLIST_FILE = YES;
				IPHONEOS_DEPLOYMENT_TARGET = 18.2;
				MARKETING_VERSION = 1.0;
				PRODUCT_BUNDLE_IDENTIFIER = com.github.anagumo.KCSwiftUITests;
				PRODUCT_NAME = "$(TARGET_NAME)";
				SDKROOT = iphoneos;
				SUPPORTED_PLATFORMS = "iphoneos iphonesimulator";
				SUPPORTS_MACCATALYST = YES;
				SUPPORTS_XR_DESIGNED_FOR_IPHONE_IPAD = NO;
				SWIFT_EMIT_LOC_STRINGS = NO;
				SWIFT_VERSION = 5.0;
				TARGETED_DEVICE_FAMILY = "1,2";
				TEST_HOST = "$(BUILT_PRODUCTS_DIR)/KCSwiftUI.app/$(BUNDLE_EXECUTABLE_FOLDER_PATH)/KCSwiftUI";
			};
			name = Debug;
		};
		C3708B112DF8D5BC007D9EB0 /* Release */ = {
			isa = XCBuildConfiguration;
			buildSettings = {
				BUNDLE_LOADER = "$(TEST_HOST)";
				CODE_SIGN_STYLE = Automatic;
				CURRENT_PROJECT_VERSION = 1;
				DEVELOPMENT_TEAM = WT5C6TTJP5;
				GENERATE_INFOPLIST_FILE = YES;
				IPHONEOS_DEPLOYMENT_TARGET = 18.2;
				MARKETING_VERSION = 1.0;
				PRODUCT_BUNDLE_IDENTIFIER = com.github.anagumo.KCSwiftUITests;
				PRODUCT_NAME = "$(TARGET_NAME)";
				SDKROOT = iphoneos;
				SUPPORTED_PLATFORMS = "iphoneos iphonesimulator";
				SUPPORTS_MACCATALYST = YES;
				SUPPORTS_XR_DESIGNED_FOR_IPHONE_IPAD = NO;
				SWIFT_EMIT_LOC_STRINGS = NO;
				SWIFT_VERSION = 5.0;
				TARGETED_DEVICE_FAMILY = "1,2";
				TEST_HOST = "$(BUILT_PRODUCTS_DIR)/KCSwiftUI.app/$(BUNDLE_EXECUTABLE_FOLDER_PATH)/KCSwiftUI";
				VALIDATE_PRODUCT = YES;
			};
			name = Release;
		};
/* End XCBuildConfiguration section */

/* Begin XCConfigurationList section */
		C339C8642DFB801400FFF617 /* Build configuration list for PBXNativeTarget "KCSwiftUIForWatch Watch App" */ = {
			isa = XCConfigurationList;
			buildConfigurations = (
				C339C8652DFB801400FFF617 /* Debug */,
				C339C8662DFB801400FFF617 /* Release */,
			);
			defaultConfigurationIsVisible = 0;
			defaultConfigurationName = Release;
		};
		C37089CB2DF7B989007D9EB0 /* Build configuration list for PBXProject "KCSwiftUI" */ = {
			isa = XCConfigurationList;
			buildConfigurations = (
				C37089DD2DF7B98A007D9EB0 /* Debug */,
				C37089DE2DF7B98A007D9EB0 /* Release */,
			);
			defaultConfigurationIsVisible = 0;
			defaultConfigurationName = Release;
		};
		C37089DF2DF7B98A007D9EB0 /* Build configuration list for PBXNativeTarget "KCSwiftUI" */ = {
			isa = XCConfigurationList;
			buildConfigurations = (
				C37089E02DF7B98A007D9EB0 /* Debug */,
				C37089E12DF7B98A007D9EB0 /* Release */,
			);
			defaultConfigurationIsVisible = 0;
			defaultConfigurationName = Release;
		};
		C3708B0F2DF8D5BC007D9EB0 /* Build configuration list for PBXNativeTarget "KCSwiftUITests" */ = {
			isa = XCConfigurationList;
			buildConfigurations = (
				C3708B102DF8D5BC007D9EB0 /* Debug */,
				C3708B112DF8D5BC007D9EB0 /* Release */,
			);
			defaultConfigurationIsVisible = 0;
			defaultConfigurationName = Release;
		};
/* End XCConfigurationList section */
	};
	rootObject = C37089C82DF7B989007D9EB0 /* Project object */;
}
